PODS:
  - SSSImageExtension (0.1.0)

DEPENDENCIES:
  - SSSImageExtension (from `../`)

EXTERNAL SOURCES:
  SSSImageExtension:
    :path: "../"

SPEC CHECKSUMS:
  SSSImageExtension: 492ab315a3e24eae126e4c63cfca564e597ff9b9

PODFILE CHECKSUM: 6ba71dae177edad9b14aedacd6a9e26de70efe6a

COCOAPODS: 1.5.3
